
Microsoft Visual Studio Solution File, Format Version 10.00
# Visual Studio 2008
Project("{8BC9CEB8-8B4A-11D0-8D11-00A0C91BC942}") = "hand", "hand\hand.vcproj", "{8EF91C04-1E5E-46F7-8569-CB1D2F116674}"
EndProject
Global
	GlobalSection(SolutionConfigurationPlatforms) = preSolution
		Debug|Win32 = Debug|Win32
		Release|Win32 = Release|Win32
	EndGlobalSection
	GlobalSection(ProjectConfigurationPlatforms) = postSolution
		{8EF91C04-1E5E-46F7-8569-CB1D2F116674}.Debug|Win32.ActiveCfg = Debug|Win32
		{8EF91C04-1E5E-46F7-8569-CB1D2F116674}.Debug|Win32.Build.0 = Debug|Win32
		{8EF91C04-1E5E-46F7-8569-CB1D2F116674}.Release|Win32.ActiveCfg = Release|Win32
		{8EF91C04-1E5E-46F7-8569-CB1D2F116674}.Release|Win32.Build.0 = Release|Win32
	EndGlobalSection
	GlobalSection(SolutionProperties) = preSolution
		HideSolutionNode = FALSE
	EndGlobalSection
EndGlobal
